
Microsoft Visual Studio Solution File, Format Version 12.00
# Visual Studio Version 16
VisualStudioVersion = 16.0.31129.286
MinimumVisualStudioVersion = 10.0.40219.1
Project("{FAE04EC0-301F-11D3-BF4B-00C04F79EFBC}") = "WebApplication2", "WebApplication2\WebApplication2.csproj", "{476689B2-6342-44FD-B8D7-521675C82F2D}"
EndProject
Global
	GlobalSection(SolutionConfigurationPlatforms) = preSolution
		Debug|Any CPU = Debug|Any CPU
		Release|Any CPU = Release|Any CPU
	EndGlobalSection
	GlobalSection(ProjectConfigurationPlatforms) = postSolution
		{476689B2-6342-44FD-B8D7-521675C82F2D}.Debug|Any CPU.ActiveCfg = Debug|Any CPU
		{476689B2-6342-44FD-B8D7-521675C82F2D}.Debug|Any CPU.Build.0 = Debug|Any CPU
		{476689B2-6342-44FD-B8D7-521675C82F2D}.Release|Any CPU.ActiveCfg = Release|Any CPU
		{476689B2-6342-44FD-B8D7-521675C82F2D}.Release|Any CPU.Build.0 = Release|Any CPU
	EndGlobalSection
	GlobalSection(SolutionProperties) = preSolution
		HideSolutionNode = FALSE
	EndGlobalSection
	GlobalSection(ExtensibilityGlobals) = postSolution
		SolutionGuid = {6D93F50C-9904-424C-865F-091B78BE7645}
	EndGlobalSection
EndGlobal
